
Microsoft Visual Studio Solution File, Format Version 12.00
Project("{FAE04EC0-301F-11D3-BF4B-00C04F79EFBC}") = "Week_3_Functions", "Week_3_Functions\Week_3_Functions.csproj", "{6CE5302E-B481-4592-BA5C-7FF5C98C5DF2}"
EndProject
Project("{FAE04EC0-301F-11D3-BF4B-00C04F79EFBC}") = "Week_4_1_Strings_And_Function", "Week_4_1_Strings_And_Function\Week_4_1_Strings_And_Function.csproj", "{BF5158C5-71BD-4812-8F8D-9CADEC9CEDF2}"
EndProject
Project("{FAE04EC0-301F-11D3-BF4B-00C04F79EFBC}") = "Week_4_2_Collections", "Week_4_2_Collections\Week_4_2_Collections.csproj", "{B4BD4BF6-F1A4-48DF-A553-27002CB93959}"
EndProject
Project("{FAE04EC0-301F-11D3-BF4B-00C04F79EFBC}") = "Week5_1_Collections", "Week5_1_Collections\Week5_1_Collections.csproj", "{09964576-2F2D-40B8-A2A6-E6A69173A942}"
EndProject
Project("{FAE04EC0-301F-11D3-BF4B-00C04F79EFBC}") = "Week5_1_Classes", "Week5_1_Classes\Week5_1_Classes.csproj", "{37E17711-68F6-48E2-871C-F5D037C8EF37}"
EndProject
Project("{FAE04EC0-301F-11D3-BF4B-00C04F79EFBC}") = "Week_6_1_OOP_Exercises", "Week_6_1_OOP_Exercises\Week_6_1_OOP_Exercises.csproj", "{9A4484DB-5887-46C2-B1D9-582F9B56BF3F}"
EndProject
Project("{FAE04EC0-301F-11D3-BF4B-00C04F79EFBC}") = "Week_7_1_OOP_Exercises_2", "Week_7_1_OOP_Exercises_2\Week_7_1_OOP_Exercises_2.csproj", "{2CFBFC8A-BA23-44B1-A292-C6A853CA310A}"
EndProject
Global
	GlobalSection(SolutionConfigurationPlatforms) = preSolution
		Debug|Any CPU = Debug|Any CPU
		Release|Any CPU = Release|Any CPU
	EndGlobalSection
	GlobalSection(ProjectConfigurationPlatforms) = postSolution
		{6CE5302E-B481-4592-BA5C-7FF5C98C5DF2}.Debug|Any CPU.ActiveCfg = Debug|Any CPU
		{6CE5302E-B481-4592-BA5C-7FF5C98C5DF2}.Debug|Any CPU.Build.0 = Debug|Any CPU
		{6CE5302E-B481-4592-BA5C-7FF5C98C5DF2}.Release|Any CPU.ActiveCfg = Release|Any CPU
		{6CE5302E-B481-4592-BA5C-7FF5C98C5DF2}.Release|Any CPU.Build.0 = Release|Any CPU
		{BF5158C5-71BD-4812-8F8D-9CADEC9CEDF2}.Debug|Any CPU.ActiveCfg = Debug|Any CPU
		{BF5158C5-71BD-4812-8F8D-9CADEC9CEDF2}.Debug|Any CPU.Build.0 = Debug|Any CPU
		{BF5158C5-71BD-4812-8F8D-9CADEC9CEDF2}.Release|Any CPU.ActiveCfg = Release|Any CPU
		{BF5158C5-71BD-4812-8F8D-9CADEC9CEDF2}.Release|Any CPU.Build.0 = Release|Any CPU
		{B4BD4BF6-F1A4-48DF-A553-27002CB93959}.Debug|Any CPU.ActiveCfg = Debug|Any CPU
		{B4BD4BF6-F1A4-48DF-A553-27002CB93959}.Debug|Any CPU.Build.0 = Debug|Any CPU
		{B4BD4BF6-F1A4-48DF-A553-27002CB93959}.Release|Any CPU.ActiveCfg = Release|Any CPU
		{B4BD4BF6-F1A4-48DF-A553-27002CB93959}.Release|Any CPU.Build.0 = Release|Any CPU
		{09964576-2F2D-40B8-A2A6-E6A69173A942}.Debug|Any CPU.ActiveCfg = Debug|Any CPU
		{09964576-2F2D-40B8-A2A6-E6A69173A942}.Debug|Any CPU.Build.0 = Debug|Any CPU
		{09964576-2F2D-40B8-A2A6-E6A69173A942}.Release|Any CPU.ActiveCfg = Release|Any CPU
		{09964576-2F2D-40B8-A2A6-E6A69173A942}.Release|Any CPU.Build.0 = Release|Any CPU
		{37E17711-68F6-48E2-871C-F5D037C8EF37}.Debug|Any CPU.ActiveCfg = Debug|Any CPU
		{37E17711-68F6-48E2-871C-F5D037C8EF37}.Debug|Any CPU.Build.0 = Debug|Any CPU
		{37E17711-68F6-48E2-871C-F5D037C8EF37}.Release|Any CPU.ActiveCfg = Release|Any CPU
		{37E17711-68F6-48E2-871C-F5D037C8EF37}.Release|Any CPU.Build.0 = Release|Any CPU
		{9A4484DB-5887-46C2-B1D9-582F9B56BF3F}.Debug|Any CPU.ActiveCfg = Debug|Any CPU
		{9A4484DB-5887-46C2-B1D9-582F9B56BF3F}.Debug|Any CPU.Build.0 = Debug|Any CPU
		{9A4484DB-5887-46C2-B1D9-582F9B56BF3F}.Release|Any CPU.ActiveCfg = Release|Any CPU
		{9A4484DB-5887-46C2-B1D9-582F9B56BF3F}.Release|Any CPU.Build.0 = Release|Any CPU
		{2CFBFC8A-BA23-44B1-A292-C6A853CA310A}.Debug|Any CPU.ActiveCfg = Debug|Any CPU
		{2CFBFC8A-BA23-44B1-A292-C6A853CA310A}.Debug|Any CPU.Build.0 = Debug|Any CPU
		{2CFBFC8A-BA23-44B1-A292-C6A853CA310A}.Release|Any CPU.ActiveCfg = Release|Any CPU
		{2CFBFC8A-BA23-44B1-A292-C6A853CA310A}.Release|Any CPU.Build.0 = Release|Any CPU
	EndGlobalSection
EndGlobal
